
Microsoft Visual Studio Solution File, Format Version 12.00
# Visual Studio Version 16
VisualStudioVersion = 25.0.1703.0
MinimumVisualStudioVersion = 10.0.40219.1
Project("{FAE04EC0-301F-11D3-BF4B-00C04F79EFBC}") = "HouseDemo.Core.Tests", "HouseDemo.Core.Tests\HouseDemo.Core.Tests.csproj", "{551DDB40-5B06-48B4-B393-BF0AE3C10D3C}"
EndProject
Project("{FAE04EC0-301F-11D3-BF4B-00C04F79EFBC}") = "HouseDemo.Core", "HouseDemo.Core\HouseDemo.Core.csproj", "{132EABFC-C948-4C65-9C8B-1B097C013CD7}"
EndProject
Project("{FAE04EC0-301F-11D3-BF4B-00C04F79EFBC}") = "HouseDemo.DataAccess", "HouseDemo.DataAccess\HouseDemo.DataAccess.csproj", "{7D3549AF-EA53-4E0E-9FF6-872A5525C900}"
EndProject
Global
	GlobalSection(SolutionConfigurationPlatforms) = preSolution
		Debug|Any CPU = Debug|Any CPU
		Release|Any CPU = Release|Any CPU
	EndGlobalSection
	GlobalSection(ProjectConfigurationPlatforms) = postSolution
		{551DDB40-5B06-48B4-B393-BF0AE3C10D3C}.Debug|Any CPU.ActiveCfg = Debug|Any CPU
		{551DDB40-5B06-48B4-B393-BF0AE3C10D3C}.Debug|Any CPU.Build.0 = Debug|Any CPU
		{551DDB40-5B06-48B4-B393-BF0AE3C10D3C}.Release|Any CPU.ActiveCfg = Release|Any CPU
		{551DDB40-5B06-48B4-B393-BF0AE3C10D3C}.Release|Any CPU.Build.0 = Release|Any CPU
		{132EABFC-C948-4C65-9C8B-1B097C013CD7}.Debug|Any CPU.ActiveCfg = Debug|Any CPU
		{132EABFC-C948-4C65-9C8B-1B097C013CD7}.Debug|Any CPU.Build.0 = Debug|Any CPU
		{132EABFC-C948-4C65-9C8B-1B097C013CD7}.Release|Any CPU.ActiveCfg = Release|Any CPU
		{132EABFC-C948-4C65-9C8B-1B097C013CD7}.Release|Any CPU.Build.0 = Release|Any CPU
		{7D3549AF-EA53-4E0E-9FF6-872A5525C900}.Debug|Any CPU.ActiveCfg = Debug|Any CPU
		{7D3549AF-EA53-4E0E-9FF6-872A5525C900}.Debug|Any CPU.Build.0 = Debug|Any CPU
		{7D3549AF-EA53-4E0E-9FF6-872A5525C900}.Release|Any CPU.ActiveCfg = Release|Any CPU
		{7D3549AF-EA53-4E0E-9FF6-872A5525C900}.Release|Any CPU.Build.0 = Release|Any CPU
	EndGlobalSection
	GlobalSection(SolutionProperties) = preSolution
		HideSolutionNode = FALSE
	EndGlobalSection
	GlobalSection(ExtensibilityGlobals) = postSolution
		SolutionGuid = {C3C253B1-6005-48EC-BF59-4A03F3F1AFBF}
	EndGlobalSection
EndGlobal
